
Microsoft Visual Studio Solution File, Format Version 12.00
# Visual Studio Version 17
VisualStudioVersion = 17.8.34330.188
MinimumVisualStudioVersion = 10.0.40219.1
Project("{FAE04EC0-301F-11D3-BF4B-00C04F79EFBC}") = "Guessing Game", "Guessing Game\Guessing Game.csproj", "{A72EC548-17C8-4FF3-B66A-2FFAC15BE1EF}"
EndProject
Global
	GlobalSection(SolutionConfigurationPlatforms) = preSolution
		Debug|Any CPU = Debug|Any CPU
		Release|Any CPU = Release|Any CPU
	EndGlobalSection
	GlobalSection(ProjectConfigurationPlatforms) = postSolution
		{A72EC548-17C8-4FF3-B66A-2FFAC15BE1EF}.Debug|Any CPU.ActiveCfg = Debug|Any CPU
		{A72EC548-17C8-4FF3-B66A-2FFAC15BE1EF}.Debug|Any CPU.Build.0 = Debug|Any CPU
		{A72EC548-17C8-4FF3-B66A-2FFAC15BE1EF}.Release|Any CPU.ActiveCfg = Release|Any CPU
		{A72EC548-17C8-4FF3-B66A-2FFAC15BE1EF}.Release|Any CPU.Build.0 = Release|Any CPU
	EndGlobalSection
	GlobalSection(SolutionProperties) = preSolution
		HideSolutionNode = FALSE
	EndGlobalSection
	GlobalSection(ExtensibilityGlobals) = postSolution
		SolutionGuid = {67E82C7F-49F8-4836-88E1-0FCFD95B461E}
	EndGlobalSection
EndGlobal
